github.com/adl-lang/adl-go/adl v0.0.1 h1:URPxtU4p+DcN/8J7f85luz2z7wTQW9n6c9USw4HC5Ts=
github.com/adl-lang/adl-go/adl v0.0.1/go.mod h1:BW/pu1we1Ki4MfgFaerlrUpALr/JEn8mHKRUW166aKg=
github.com/davecgh/go-spew v1.1.1 h1:vj9j/u1bqnvCEfJOwUhtlOARqs3+rkHYY13jYWTU97c=
github.com/davecgh/go-spew v1.1.1/go.mod h1:J7Y8YcW2NihsgmVo/mv3lAwl/skON4iLHjSsI+c5H38=
